// !$*UTF8*$!
{
	archiveVersion = 1;
	classes = {
	};
	objectVersion = 56;
	objects = {

/* Begin PBXBuildFile section */
		46F0B6302C218B2200D6D9F3 /* AppDelegate.swift in Sources */ = {isa = PBXBuildFile; fileRef = 46F0B62F2C218B2200D6D9F3 /* AppDelegate.swift */; };
		46F0B6322C218B2200D6D9F3 /* SceneDelegate.swift in Sources */ = {isa = PBXBuildFile; fileRef = 46F0B6312C218B2200D6D9F3 /* SceneDelegate.swift */; };
		46F0B6342C218B2200D6D9F3 /* ViewController.swift in Sources */ = {isa = PBXBuildFile; fileRef = 46F0B6332C218B2200D6D9F3 /* ViewController.swift */; };
		46F0B6392C218B2300D6D9F3 /* Assets.xcassets in Resources */ = {isa = PBXBuildFile; fileRef = 46F0B6382C218B2300D6D9F3 /* Assets.xcassets */; };
		46F0B63C2C218B2300D6D9F3 /* LaunchScreen.storyboard in Resources */ = {isa = PBXBuildFile; fileRef = 46F0B63A2C218B2300D6D9F3 /* LaunchScreen.storyboard */; };
		46F0B6442C21939200D6D9F3 /* alarm_sound.mp3 in Resources */ = {isa = PBXBuildFile; fileRef = 46F0B6432C21939200D6D9F3 /* alarm_sound.mp3 */; };
		F25DE7DFEDD72BE18C61F48E /* Pods_EggTimer.framework in Frameworks */ = {isa = PBXBuildFile; fileRef = 6272737FBADF2950E083939E /* Pods_EggTimer.framework */; };
/* End PBXBuildFile section */

/* Begin PBXFileReference section */
		46F0B62C2C218B2200D6D9F3 /* EggTimer.app */ = {isa = PBXFileReference; explicitFileType = wrapper.application; includeInIndex = 0; path = EggTimer.app; sourceTree = BUILT_PRODUCTS_DIR; };
		46F0B62F2C218B2200D6D9F3 /* AppDelegate.swift */ = {isa = PBXFileReference; lastKnownFileType = sourcecode.swift; path = AppDelegate.swift; sourceTree = "<group>"; };
		46F0B6312C218B2200D6D9F3 /* SceneDelegate.swift */ = {isa = PBXFileReference; lastKnownFileType = sourcecode.swift; path = SceneDelegate.swift; sourceTree = "<group>"; };
		46F0B6332C218B2200D6D9F3 /* ViewController.swift */ = {isa = PBXFileReference; lastKnownFileType = sourcecode.swift; path = ViewController.swift; sourceTree = "<group>"; };
		46F0B6382C218B2300D6D9F3 /* Assets.xcassets */ = {isa = PBXFileReference; lastKnownFileType = folder.assetcatalog; path = Assets.xcassets; sourceTree = "<group>"; };
		46F0B63B2C218B2300D6D9F3 /* Base */ = {isa = PBXFileReference; lastKnownFileType = file.storyboard; name = Base; path = Base.lproj/LaunchScreen.storyboard; sourceTree = "<group>"; };
		46F0B63D2C218B2300D6D9F3 /* Info.plist */ = {isa = PBXFileReference; lastKnownFileType = text.plist.xml; path = Info.plist; sourceTree = "<group>"; };
		46F0B6432C21939200D6D9F3 /* alarm_sound.mp3 */ = {isa = PBXFileReference; lastKnownFileType = audio.mp3; path = alarm_sound.mp3; sourceTree = "<group>"; };
		6272737FBADF2950E083939E /* Pods_EggTimer.framework */ = {isa = PBXFileReference; explicitFileType = wrapper.framework; includeInIndex = 0; path = Pods_EggTimer.framework; sourceTree = BUILT_PRODUCTS_DIR; };
		EAB45DC9816BD2556A156614 /* Pods-EggTimer.release.xcconfig */ = {isa = PBXFileReference; includeInIndex = 1; lastKnownFileType = text.xcconfig; name = "Pods-EggTimer.release.xcconfig"; path = "Target Support Files/Pods-EggTimer/Pods-EggTimer.release.xcconfig"; sourceTree = "<group>"; };
		FEFFCCFEF598DFE721072D7B /* Pods-EggTimer.debug.xcconfig */ = {isa = PBXFileReference; includeInIndex = 1; lastKnownFileType = text.xcconfig; name = "Pods-EggTimer.debug.xcconfig"; path = "Target Support Files/Pods-EggTimer/Pods-EggTimer.debug.xcconfig"; sourceTree = "<group>"; };
/* End PBXFileReference section */

/* Begin PBXFrameworksBuildPhase section */
		46F0B6292C218B2200D6D9F3 /* Frameworks */ = {
			isa = PBXFrameworksBuildPhase;
			buildActionMask = 2147483647;
			files = (
				F25DE7DFEDD72BE18C61F48E /* Pods_EggTimer.framework in Frameworks */,
			);
			runOnlyForDeploymentPostprocessing = 0;
		};
/* End PBXFrameworksBuildPhase section */

/* Begin PBXGroup section */
		2FE6510F2665D1DF538FC88F /* Frameworks */ = {
			isa = PBXGroup;
			children = (
				6272737FBADF2950E083939E /* Pods_EggTimer.framework */,
			);
			name = Frameworks;
			sourceTree = "<group>";
		};
		46F0B6232C218B2200D6D9F3 = {
			isa = PBXGroup;
			children = (
				46F0B62E2C218B2200D6D9F3 /* EggTimer */,
				46F0B62D2C218B2200D6D9F3 /* Products */,
				9ED7D052F2627111178F43E6 /* Pods */,
				2FE6510F2665D1DF538FC88F /* Frameworks */,
			);
			sourceTree = "<group>";
		};
		46F0B62D2C218B2200D6D9F3 /* Products */ = {
			isa = PBXGroup;
			children = (
				46F0B62C2C218B2200D6D9F3 /* EggTimer.app */,
			);
			name = Products;
			sourceTree = "<group>";
		};
		46F0B62E2C218B2200D6D9F3 /* EggTimer */ = {
			isa = PBXGroup;
			children = (
				46F0B6432C21939200D6D9F3 /* alarm_sound.mp3 */,
				46F0B62F2C218B2200D6D9F3 /* AppDelegate.swift */,
				46F0B6312C218B2200D6D9F3 /* SceneDelegate.swift */,
				46F0B6332C218B2200D6D9F3 /* ViewController.swift */,
				46F0B6382C218B2300D6D9F3 /* Assets.xcassets */,
				46F0B63A2C218B2300D6D9F3 /* LaunchScreen.storyboard */,
				46F0B63D2C218B2300D6D9F3 /* Info.plist */,
			);
			path = EggTimer;
			sourceTree = "<group>";
		};
		9ED7D052F2627111178F43E6 /* Pods */ = {
			isa = PBXGroup;
			children = (
				FEFFCCFEF598DFE721072D7B /* Pods-EggTimer.debug.xcconfig */,
				EAB45DC9816BD2556A156614 /* Pods-EggTimer.release.xcconfig */,
			);
			path = Pods;
			sourceTree = "<group>";
		};
/* End PBXGroup section */

/* Begin PBXNativeTarget section */
		46F0B62B2C218B2200D6D9F3 /* EggTimer */ = {
			isa = PBXNativeTarget;
			buildConfigurationList = 46F0B6402C218B2300D6D9F3 /* Build configuration list for PBXNativeTarget "EggTimer" */;
			buildPhases = (
				61BD7F444CE2127D03AAA2B0 /* [CP] Check Pods Manifest.lock */,
				46F0B6282C218B2200D6D9F3 /* Sources */,
				46F0B6292C218B2200D6D9F3 /* Frameworks */,
				46F0B62A2C218B2200D6D9F3 /* Resources */,
				4E57CA9132A6BF2F7CE027F1 /* [CP] Embed Pods Frameworks */,
			);
			buildRules = (
			);
			dependencies = (
			);
			name = EggTimer;
			productName = EggTimer;
			productReference = 46F0B62C2C218B2200D6D9F3 /* EggTimer.app */;
			productType = "com.apple.product-type.application";
		};
/* End PBXNativeTarget section */

/* Begin PBXProject section */
		46F0B6242C218B2200D6D9F3 /* Project object */ = {
			isa = PBXProject;
			attributes = {
				BuildIndependentTargetsInParallel = 1;
				LastSwiftUpdateCheck = 1500;
				LastUpgradeCheck = 1500;
				TargetAttributes = {
					46F0B62B2C218B2200D6D9F3 = {
						CreatedOnToolsVersion = 15.0;
					};
				};
			};
			buildConfigurationList = 46F0B6272C218B2200D6D9F3 /* Build configuration list for PBXProject "EggTimer" */;
			compatibilityVersion = "Xcode 14.0";
			developmentRegion = en;
			hasScannedForEncodings = 0;
			knownRegions = (
				en,
				Base,
			);
			mainGroup = 46F0B6232C218B2200D6D9F3;
			productRefGroup = 46F0B62D2C218B2200D6D9F3 /* Products */;
			projectDirPath = "";
			projectRoot = "";
			targets = (
				46F0B62B2C218B2200D6D9F3 /* EggTimer */,
			);
		};
/* End PBXProject section */

/* Begin PBXResourcesBuildPhase section */
		46F0B62A2C218B2200D6D9F3 /* Resources */ = {
			isa = PBXResourcesBuildPhase;
			buildActionMask = 2147483647;
			files = (
				46F0B63C2C218B2300D6D9F3 /* LaunchScreen.storyboard in Resources */,
				46F0B6442C21939200D6D9F3 /* alarm_sound.mp3 in Resources */,
				46F0B6392C218B2300D6D9F3 /* Assets.xcassets in Resources */,
			);
			runOnlyForDeploymentPostprocessing = 0;
		};
/* End PBXResourcesBuildPhase section */

/* Begin PBXShellScriptBuildPhase section */
		4E57CA9132A6BF2F7CE027F1 /* [CP] Embed Pods Frameworks */ = {
			isa = PBXShellScriptBuildPhase;
			buildActionMask = 2147483647;
			files = (
			);
			inputFileListPaths = (
				"${PODS_ROOT}/Target Support Files/Pods-EggTimer/Pods-EggTimer-frameworks-${CONFIGURATION}-input-files.xcfilelist",
			);
			name = "[CP] Embed Pods Frameworks";
			outputFileListPaths = (
				"${PODS_ROOT}/Target Support Files/Pods-EggTimer/Pods-EggTimer-frameworks-${CONFIGURATION}-output-files.xcfilelist",
			);
			runOnlyForDeploymentPostprocessing = 0;
			shellPath = /bin/sh;
			shellScript = "\"${PODS_ROOT}/Target Support Files/Pods-EggTimer/Pods-EggTimer-frameworks.sh\"\n";
			showEnvVarsInLog = 0;
		};
		61BD7F444CE2127D03AAA2B0 /* [CP] Check Pods Manifest.lock */ = {
			isa = PBXShellScriptBuildPhase;
			buildActionMask = 2147483647;
			files = (
			);
			inputFileListPaths = (
			);
			inputPaths = (
				"${PODS_PODFILE_DIR_PATH}/Podfile.lock",
				"${PODS_ROOT}/Manifest.lock",
			);
			name = "[CP] Check Pods Manifest.lock";
			outputFileListPaths = (
			);
			outputPaths = (
				"$(DERIVED_FILE_DIR)/Pods-EggTimer-checkManifestLockResult.txt",
			);
			runOnlyForDeploymentPostprocessing = 0;
			shellPath = /bin/sh;
			shellScript = "diff \"${PODS_PODFILE_DIR_PATH}/Podfile.lock\" \"${PODS_ROOT}/Manifest.lock\" > /dev/null\nif [ $? != 0 ] ; then\n    # print error to STDERR\n    echo \"error: The sandbox is not in sync with the Podfile.lock. Run 'pod install' or update your CocoaPods installation.\" >&2\n    exit 1\nfi\n# This output is used by Xcode 'outputs' to avoid re-running this script phase.\necho \"SUCCESS\" > \"${SCRIPT_OUTPUT_FILE_0}\"\n";
			showEnvVarsInLog = 0;
		};
/* End PBXShellScriptBuildPhase section */

/* Begin PBXSourcesBuildPhase section */
		46F0B6282C218B2200D6D9F3 /* Sources */ = {
			isa = PBXSourcesBuildPhase;
			buildActionMask = 2147483647;
			files = (
				46F0B6342C218B2200D6D9F3 /* ViewController.swift in Sources */,
				46F0B6302C218B2200D6D9F3 /* AppDelegate.swift in Sources */,
				46F0B6322C218B2200D6D9F3 /* SceneDelegate.swift in Sources */,
			);
			runOnlyForDeploymentPostprocessing = 0;
		};
/* End PBXSourcesBuildPhase section */

/* Begin PBXVariantGroup section */
		46F0B63A2C218B2300D6D9F3 /* LaunchScreen.storyboard */ = {
			isa = PBXVariantGroup;
			children = (
				46F0B63B2C218B2300D6D9F3 /* Base */,
			);
			name = LaunchScreen.storyboard;
			sourceTree = "<group>";
		};
/* End PBXVariantGroup section */

/* Begin XCBuildConfiguration section */
		46F0B63E2C218B2300D6D9F3 /* Debug */ = {
			isa = XCBuildConfiguration;
			buildSettings = {
				ALWAYS_SEARCH_USER_PATHS = NO;
				ASSETCATALOG_COMPILER_GENERATE_SWIFT_ASSET_SYMBOL_EXTENSIONS = YES;
				CLANG_ANALYZER_NONNULL = YES;
				CLANG_ANALYZER_NUMBER_OBJECT_CONVERSION = YES_AGGRESSIVE;
				CLANG_CXX_LANGUAGE_STANDARD = "gnu++20";
				CLANG_ENABLE_MODULES = YES;
				CLANG_ENABLE_OBJC_ARC = YES;
				CLANG_ENABLE_OBJC_WEAK = YES;
				CLANG_WARN_BLOCK_CAPTURE_AUTORELEASING = YES;
				CLANG_WARN_BOOL_CONVERSION = YES;
				CLANG_WARN_COMMA = YES;
				CLANG_WARN_CONSTANT_CONVERSION = YES;
				CLANG_WARN_DEPRECATED_OBJC_IMPLEMENTATIONS = YES;
				CLANG_WARN_DIRECT_OBJC_ISA_USAGE = YES_ERROR;
				CLANG_WARN_DOCUMENTATION_COMMENTS = YES;
				CLANG_WARN_EMPTY_BODY = YES;
				CLANG_WARN_ENUM_CONVERSION = YES;
				CLANG_WARN_INFINITE_RECURSION = YES;
				CLANG_WARN_INT_CONVERSION = YES;
				CLANG_WARN_NON_LITERAL_NULL_CONVERSION = YES;
				CLANG_WARN_OBJC_IMPLICIT_RETAIN_SELF = YES;
				CLANG_WARN_OBJC_LITERAL_CONVERSION = YES;
				CLANG_WARN_OBJC_ROOT_CLASS = YES_ERROR;
				CLANG_WARN_QUOTED_INCLUDE_IN_FRAMEWORK_HEADER = YES;
				CLANG_WARN_RANGE_LOOP_ANALYSIS = YES;
				CLANG_WARN_STRICT_PROTOTYPES = YES;
				CLANG_WARN_SUSPICIOUS_MOVE = YES;
				CLANG_WARN_UNGUARDED_AVAILABILITY = YES_AGGRESSIVE;
				CLANG_WARN_UNREACHABLE_CODE = YES;
				CLANG_WARN__DUPLICATE_METHOD_MATCH = YES;
				COPY_PHASE_STRIP = NO;
				DEBUG_INFORMATION_FORMAT = dwarf;
				ENABLE_STRICT_OBJC_MSGSEND = YES;
				ENABLE_TESTABILITY = YES;
				ENABLE_USER_SCRIPT_SANDBOXING = YES;
				GCC_C_LANGUAGE_STANDARD = gnu17;
				GCC_DYNAMIC_NO_PIC = NO;
				GCC_NO_COMMON_BLOCKS = YES;
				GCC_OPTIMIZATION_LEVEL = 0;
				GCC_PREPROCESSOR_DEFINITIONS = (
					"DEBUG=1",
					"$(inherited)",
				);
				GCC_WARN_64_TO_32_BIT_CONVERSION = YES;
				GCC_WARN_ABOUT_RETURN_TYPE = YES_ERROR;
				GCC_WARN_UNDECLARED_SELECTOR = YES;
				GCC_WARN_UNINITIALIZED_AUTOS = YES_AGGRESSIVE;
				GCC_WARN_UNUSED_FUNCTION = YES;
				GCC_WARN_UNUSED_VARIABLE = YES;
				IPHONEOS_DEPLOYMENT_TARGET = 17.0;
				LOCALIZATION_PREFERS_STRING_CATALOGS = YES;
				MTL_ENABLE_DEBUG_INFO = INCLUDE_SOURCE;
				MTL_FAST_MATH = YES;
				ONLY_ACTIVE_ARCH = YES;
				SDKROOT = iphoneos;
				SWIFT_ACTIVE_COMPILATION_CONDITIONS = "DEBUG $(inherited)";
				SWIFT_OPTIMIZATION_LEVEL = "-Onone";
			};
			name = Debug;
		};
		46F0B63F2C218B2300D6D9F3 /* Release */ = {
			isa = XCBuildConfiguration;
			buildSettings = {
				ALWAYS_SEARCH_USER_PATHS = NO;
				ASSETCATALOG_COMPILER_GENERATE_SWIFT_ASSET_SYMBOL_EXTENSIONS = YES;
				CLANG_ANALYZER_NONNULL = YES;
				CLANG_ANALYZER_NUMBER_OBJECT_CONVERSION = YES_AGGRESSIVE;
				CLANG_CXX_LANGUAGE_STANDARD = "gnu++20";
				CLANG_ENABLE_MODULES = YES;
				CLANG_ENABLE_OBJC_ARC = YES;
				CLANG_ENABLE_OBJC_WEAK = YES;
				CLANG_WARN_BLOCK_CAPTURE_AUTORELEASING = YES;
				CLANG_WARN_BOOL_CONVERSION = YES;
				CLANG_WARN_COMMA = YES;
				CLANG_WARN_CONSTANT_CONVERSION = YES;
				CLANG_WARN_DEPRECATED_OBJC_IMPLEMENTATIONS = YES;
				CLANG_WARN_DIRECT_OBJC_ISA_USAGE = YES_ERROR;
				CLANG_WARN_DOCUMENTATION_COMMENTS = YES;
				CLANG_WARN_EMPTY_BODY = YES;
				CLANG_WARN_ENUM_CONVERSION = YES;
				CLANG_WARN_INFINITE_RECURSION = YES;
				CLANG_WARN_INT_CONVERSION = YES;
				CLANG_WARN_NON_LITERAL_NULL_CONVERSION = YES;
				CLANG_WARN_OBJC_IMPLICIT_RETAIN_SELF = YES;
				CLANG_WARN_OBJC_LITERAL_CONVERSION = YES;
				CLANG_WARN_OBJC_ROOT_CLASS = YES_ERROR;
				CLANG_WARN_QUOTED_INCLUDE_IN_FRAMEWORK_HEADER = YES;
				CLANG_WARN_RANGE_LOOP_ANALYSIS = YES;
				CLANG_WARN_STRICT_PROTOTYPES = YES;
				CLANG_WARN_SUSPICIOUS_MOVE = YES;
				CLANG_WARN_UNGUARDED_AVAILABILITY = YES_AGGRESSIVE;
				CLANG_WARN_UNREACHABLE_CODE = YES;
				CLANG_WARN__DUPLICATE_METHOD_MATCH = YES;
				COPY_PHASE_STRIP = NO;
				DEBUG_INFORMATION_FORMAT = "dwarf-with-dsym";
				ENABLE_NS_ASSERTIONS = NO;
				ENABLE_STRICT_OBJC_MSGSEND = YES;
				ENABLE_USER_SCRIPT_SANDBOXING = YES;
				GCC_C_LANGUAGE_STANDARD = gnu17;
				GCC_NO_COMMON_BLOCKS = YES;
				GCC_WARN_64_TO_32_BIT_CONVERSION = YES;
				GCC_WARN_ABOUT_RETURN_TYPE = YES_ERROR;
				GCC_WARN_UNDECLARED_SELECTOR = YES;
				GCC_WARN_UNINITIALIZED_AUTOS = YES_AGGRESSIVE;
				GCC_WARN_UNUSED_FUNCTION = YES;
				GCC_WARN_UNUSED_VARIABLE = YES;
				IPHONEOS_DEPLOYMENT_TARGET = 17.0;
				LOCALIZATION_PREFERS_STRING_CATALOGS = YES;
				MTL_ENABLE_DEBUG_INFO = NO;
				MTL_FAST_MATH = YES;
				SDKROOT = iphoneos;
				SWIFT_COMPILATION_MODE = wholemodule;
				VALIDATE_PRODUCT = YES;
			};
			name = Release;
		};
		46F0B6412C218B2300D6D9F3 /* Debug */ = {
			isa = XCBuildConfiguration;
			baseConfigurationReference = FEFFCCFEF598DFE721072D7B /* Pods-EggTimer.debug.xcconfig */;
			buildSettings = {
				ASSETCATALOG_COMPILER_APPICON_NAME = AppIcon;
				ASSETCATALOG_COMPILER_GLOBAL_ACCENT_COLOR_NAME = AccentColor;
				CODE_SIGN_STYLE = Automatic;
				CURRENT_PROJECT_VERSION = 1;
				DEVELOPMENT_TEAM = TLSFRK3N4G;
				ENABLE_USER_SCRIPT_SANDBOXING = NO;
				GENERATE_INFOPLIST_FILE = YES;
				INFOPLIST_FILE = EggTimer/Info.plist;
				INFOPLIST_KEY_UIApplicationSupportsIndirectInputEvents = YES;
				INFOPLIST_KEY_UILaunchStoryboardName = LaunchScreen;
				INFOPLIST_KEY_UISupportedInterfaceOrientations_iPad = "UIInterfaceOrientationPortrait UIInterfaceOrientationPortraitUpsideDown UIInterfaceOrientationLandscapeLeft UIInterfaceOrientationLandscapeRight";
				INFOPLIST_KEY_UISupportedInterfaceOrientations_iPhone = "UIInterfaceOrientationPortrait UIInterfaceOrientationLandscapeLeft UIInterfaceOrientationLandscapeRight";
				LD_RUNPATH_SEARCH_PATHS = (
					"$(inherited)",
					"@executable_path/Frameworks",
				);
				MARKETING_VERSION = 1.0;
				PRODUCT_BUNDLE_IDENTIFIER = com.ekaterinao.EggTimer;
				PRODUCT_NAME = "$(TARGET_NAME)";
				SWIFT_EMIT_LOC_STRINGS = YES;
				SWIFT_VERSION = 5.0;
				TARGETED_DEVICE_FAMILY = "1,2";
			};
			name = Debug;
		};
		46F0B6422C218B2300D6D9F3 /* Release */ = {
			isa = XCBuildConfiguration;
			baseConfigurationReference = EAB45DC9816BD2556A156614 /* Pods-EggTimer.release.xcconfig */;
			buildSettings = {
				ASSETCATALOG_COMPILER_APPICON_NAME = AppIcon;
				ASSETCATALOG_COMPILER_GLOBAL_ACCENT_COLOR_NAME = AccentColor;
				CODE_SIGN_STYLE = Automatic;
				CURRENT_PROJECT_VERSION = 1;
				DEVELOPMENT_TEAM = TLSFRK3N4G;
				ENABLE_USER_SCRIPT_SANDBOXING = NO;
				GENERATE_INFOPLIST_FILE = YES;
				INFOPLIST_FILE = EggTimer/Info.plist;
				INFOPLIST_KEY_UIApplicationSupportsIndirectInputEvents = YES;
				INFOPLIST_KEY_UILaunchStoryboardName = LaunchScreen;
				INFOPLIST_KEY_UISupportedInterfaceOrientations_iPad = "UIInterfaceOrientationPortrait UIInterfaceOrientationPortraitUpsideDown UIInterfaceOrientationLandscapeLeft UIInterfaceOrientationLandscapeRight";
				INFOPLIST_KEY_UISupportedInterfaceOrientations_iPhone = "UIInterfaceOrientationPortrait UIInterfaceOrientationLandscapeLeft UIInterfaceOrientationLandscapeRight";
				LD_RUNPATH_SEARCH_PATHS = (
					"$(inherited)",
					"@executable_path/Frameworks",
				);
				MARKETING_VERSION = 1.0;
				PRODUCT_BUNDLE_IDENTIFIER = com.ekaterinao.EggTimer;
				PRODUCT_NAME = "$(TARGET_NAME)";
				SWIFT_EMIT_LOC_STRINGS = YES;
				SWIFT_VERSION = 5.0;
				TARGETED_DEVICE_FAMILY = "1,2";
			};
			name = Release;
		};
/* End XCBuildConfiguration section */

/* Begin XCConfigurationList section */
		46F0B6272C218B2200D6D9F3 /* Build configuration list for PBXProject "EggTimer" */ = {
			isa = XCConfigurationList;
			buildConfigurations = (
				46F0B63E2C218B2300D6D9F3 /* Debug */,
				46F0B63F2C218B2300D6D9F3 /* Release */,
			);
			defaultConfigurationIsVisible = 0;
			defaultConfigurationName = Release;
		};
		46F0B6402C218B2300D6D9F3 /* Build configuration list for PBXNativeTarget "EggTimer" */ = {
			isa = XCConfigurationList;
			buildConfigurations = (
				46F0B6412C218B2300D6D9F3 /* Debug */,
				46F0B6422C218B2300D6D9F3 /* Release */,
			);
			defaultConfigurationIsVisible = 0;
			defaultConfigurationName = Release;
		};
/* End XCConfigurationList section */
	};
	rootObject = 46F0B6242C218B2200D6D9F3 /* Project object */;
}
